{
  "originHash" : "154f2f373238187d79c917cc57bfa63e038f0fa9bad055b8b83d2662d59a1001",
  "pins" : [
    {
      "identity" : "aiproxyswift",
      "kind" : "remoteSourceControl",
      "location" : "https://github.com/lzell/AIProxySwift.git",
      "state" : {
        "revision" : "f118afad4941db0ca9c7b6c7f993c483ffd287c6",
        "version" : "0.62.0"
      }
    },
    {
      "identity" : "documentationcomment",
      "kind" : "remoteSourceControl",
      "location" : "https://github.com/fumito-ito/DocumentationComment.git",
      "state" : {
        "revision" : "90d3c5b9cccddb202c8adb99138733c868d7b082",
        "version" : "0.0.6"
      }
    },
    {
      "identity" : "functioncalling",
      "kind" : "remoteSourceControl",
      "location" : "https://github.com/fumito-ito/FunctionCalling",
      "state" : {
        "revision" : "cd9c2c3d70e10c63e3da670718685825727b52ce",
        "version" : "0.5.0"
      }
    },
    {
      "identity" : "grmustache.swift",
      "kind" : "remoteSourceControl",
      "location" : "https://github.com/groue/GRMustache.swift",
      "state" : {
        "revision" : "811326995377af216b970ae3afb0645ca94986c8",
        "version" : "6.0.0"
      }
    },
    {
      "identity" : "swift-cmark",
      "kind" : "remoteSourceControl",
      "location" : "https://github.com/apple/swift-cmark.git",
      "state" : {
        "revision" : "3ccff77b2dc5b96b77db3da0d68d28068593fa53",
        "version" : "0.5.0"
      }
    },
    {
      "identity" : "swift-markdown",
      "kind" : "remoteSourceControl",
      "location" : "https://github.com/apple/swift-markdown.git",
      "state" : {
        "revision" : "8f79cb175981458a0a27e76cb42fee8e17b1a993",
        "version" : "0.5.0"
      }
    },
    {
      "identity" : "swift-syntax",
      "kind" : "remoteSourceControl",
      "location" : "https://github.com/apple/swift-syntax.git",
      "state" : {
        "revision" : "0687f71944021d616d34d922343dcef086855920",
        "version" : "600.0.1"
      }
    }
  ],
  "version" : 3
}
